
Microsoft Visual Studio Solution File, Format Version 12.00
# Visual Studio 15
VisualStudioVersion = 15.0.28307.539
MinimumVisualStudioVersion = 10.0.40219.1
Project("{FAE04EC0-301F-11D3-BF4B-00C04F79EFBC}") = "HacTrac", "HacTrac.csproj", "{4AEFE61B-6C5B-462D-B753-F774D0483C57}"
EndProject
Project("{FAE04EC0-301F-11D3-BF4B-00C04F79EFBC}") = "sandbox", "..\..\temp\sandbox\sandbox.csproj", "{295CB66D-D218-4AAA-B6C5-72F2F9DAC666}"
EndProject
Global
	GlobalSection(SolutionConfigurationPlatforms) = preSolution
		Debug|Any CPU = Debug|Any CPU
		Release|Any CPU = Release|Any CPU
	EndGlobalSection
	GlobalSection(ProjectConfigurationPlatforms) = postSolution
		{4AEFE61B-6C5B-462D-B753-F774D0483C57}.Debug|Any CPU.ActiveCfg = Debug|Any CPU
		{4AEFE61B-6C5B-462D-B753-F774D0483C57}.Debug|Any CPU.Build.0 = Debug|Any CPU
		{4AEFE61B-6C5B-462D-B753-F774D0483C57}.Release|Any CPU.ActiveCfg = Release|Any CPU
		{4AEFE61B-6C5B-462D-B753-F774D0483C57}.Release|Any CPU.Build.0 = Release|Any CPU
		{295CB66D-D218-4AAA-B6C5-72F2F9DAC666}.Debug|Any CPU.ActiveCfg = Debug|Any CPU
		{295CB66D-D218-4AAA-B6C5-72F2F9DAC666}.Debug|Any CPU.Build.0 = Debug|Any CPU
		{295CB66D-D218-4AAA-B6C5-72F2F9DAC666}.Release|Any CPU.ActiveCfg = Release|Any CPU
		{295CB66D-D218-4AAA-B6C5-72F2F9DAC666}.Release|Any CPU.Build.0 = Release|Any CPU
	EndGlobalSection
	GlobalSection(SolutionProperties) = preSolution
		HideSolutionNode = FALSE
	EndGlobalSection
	GlobalSection(ExtensibilityGlobals) = postSolution
		SolutionGuid = {EA4B19E9-C95B-4F94-8D3F-FD17220A757C}
	EndGlobalSection
EndGlobal
